
Microsoft Visual Studio Solution File, Format Version 12.00
# Visual Studio Version 16
VisualStudioVersion = 16.0.29215.179
MinimumVisualStudioVersion = 10.0.40219.1
Project("{FAE04EC0-301F-11D3-BF4B-00C04F79EFBC}") = "Loops", "Loops\Loops.csproj", "{F743BD7D-3F02-45A0-8412-D1AF28188BB3}"
EndProject
Project("{FAE04EC0-301F-11D3-BF4B-00C04F79EFBC}") = "Loop problem 2", "Loop problem 2\Loop problem 2.csproj", "{CA30D2A4-EFE3-45AF-A990-C6D1EB893A42}"
EndProject
Global
	GlobalSection(SolutionConfigurationPlatforms) = preSolution
		Debug|Any CPU = Debug|Any CPU
		Release|Any CPU = Release|Any CPU
	EndGlobalSection
	GlobalSection(ProjectConfigurationPlatforms) = postSolution
		{F743BD7D-3F02-45A0-8412-D1AF28188BB3}.Debug|Any CPU.ActiveCfg = Debug|Any CPU
		{F743BD7D-3F02-45A0-8412-D1AF28188BB3}.Debug|Any CPU.Build.0 = Debug|Any CPU
		{F743BD7D-3F02-45A0-8412-D1AF28188BB3}.Release|Any CPU.ActiveCfg = Release|Any CPU
		{F743BD7D-3F02-45A0-8412-D1AF28188BB3}.Release|Any CPU.Build.0 = Release|Any CPU
		{CA30D2A4-EFE3-45AF-A990-C6D1EB893A42}.Debug|Any CPU.ActiveCfg = Debug|Any CPU
		{CA30D2A4-EFE3-45AF-A990-C6D1EB893A42}.Debug|Any CPU.Build.0 = Debug|Any CPU
		{CA30D2A4-EFE3-45AF-A990-C6D1EB893A42}.Release|Any CPU.ActiveCfg = Release|Any CPU
		{CA30D2A4-EFE3-45AF-A990-C6D1EB893A42}.Release|Any CPU.Build.0 = Release|Any CPU
	EndGlobalSection
	GlobalSection(SolutionProperties) = preSolution
		HideSolutionNode = FALSE
	EndGlobalSection
	GlobalSection(ExtensibilityGlobals) = postSolution
		SolutionGuid = {14019B2E-2B24-452D-899A-2C057B5BDF12}
	EndGlobalSection
EndGlobal
